// !$*UTF8*$!
{
	archiveVersion = 1;
	classes = {
	};
	objectVersion = 77;
	objects = {

/* Begin PBXBuildFile section */
		BB71AE1E2D864A5400FC4CA0 /* WidgetKit.framework in Frameworks */ = {isa = PBXBuildFile; fileRef = BB71AE1D2D864A5400FC4CA0 /* WidgetKit.framework */; };
		BB71AE202D864A5400FC4CA0 /* SwiftUI.framework in Frameworks */ = {isa = PBXBuildFile; fileRef = BB71AE1F2D864A5400FC4CA0 /* SwiftUI.framework */; };
		BB71AE2D2D864A5500FC4CA0 /* SunnyLiveActivitiesExtension.appex in Embed Foundation Extensions */ = {isa = PBXBuildFile; fileRef = BB71AE1B2D864A5400FC4CA0 /* SunnyLiveActivitiesExtension.appex */; settings = {ATTRIBUTES = (RemoveHeadersOnCopy, ); }; };
/* End PBXBuildFile section */

/* Begin PBXContainerItemProxy section */
		BB71AE2B2D864A5500FC4CA0 /* PBXContainerItemProxy */ = {
			isa = PBXContainerItemProxy;
			containerPortal = BBDE3BB52D73CB87003F88D8 /* Project object */;
			proxyType = 1;
			remoteGlobalIDString = BB71AE1A2D864A5400FC4CA0;
			remoteInfo = SunnyLiveActivitiesExtension;
		};
		BBDE3BCE2D73CB89003F88D8 /* PBXContainerItemProxy */ = {
			isa = PBXContainerItemProxy;
			containerPortal = BBDE3BB52D73CB87003F88D8 /* Project object */;
			proxyType = 1;
			remoteGlobalIDString = BBDE3BBC2D73CB87003F88D8;
			remoteInfo = sunny;
		};
		BBDE3BD82D73CB89003F88D8 /* PBXContainerItemProxy */ = {
			isa = PBXContainerItemProxy;
			containerPortal = BBDE3BB52D73CB87003F88D8 /* Project object */;
			proxyType = 1;
			remoteGlobalIDString = BBDE3BBC2D73CB87003F88D8;
			remoteInfo = sunny;
		};
/* End PBXContainerItemProxy section */

/* Begin PBXCopyFilesBuildPhase section */
		BB71AE322D864A5500FC4CA0 /* Embed Foundation Extensions */ = {
			isa = PBXCopyFilesBuildPhase;
			buildActionMask = 2147483647;
			dstPath = "";
			dstSubfolderSpec = 13;
			files = (
				BB71AE2D2D864A5500FC4CA0 /* SunnyLiveActivitiesExtension.appex in Embed Foundation Extensions */,
			);
			name = "Embed Foundation Extensions";
			runOnlyForDeploymentPostprocessing = 0;
		};
/* End PBXCopyFilesBuildPhase section */

/* Begin PBXFileReference section */
		BB71AE1B2D864A5400FC4CA0 /* SunnyLiveActivitiesExtension.appex */ = {isa = PBXFileReference; explicitFileType = "wrapper.app-extension"; includeInIndex = 0; path = SunnyLiveActivitiesExtension.appex; sourceTree = BUILT_PRODUCTS_DIR; };
		BB71AE1D2D864A5400FC4CA0 /* WidgetKit.framework */ = {isa = PBXFileReference; lastKnownFileType = wrapper.framework; name = WidgetKit.framework; path = System/Library/Frameworks/WidgetKit.framework; sourceTree = SDKROOT; };
		BB71AE1F2D864A5400FC4CA0 /* SwiftUI.framework */ = {isa = PBXFileReference; lastKnownFileType = wrapper.framework; name = SwiftUI.framework; path = System/Library/Frameworks/SwiftUI.framework; sourceTree = SDKROOT; };
		BBDE3BBD2D73CB87003F88D8 /* sunny.app */ = {isa = PBXFileReference; explicitFileType = wrapper.application; includeInIndex = 0; path = sunny.app; sourceTree = BUILT_PRODUCTS_DIR; };
		BBDE3BCD2D73CB89003F88D8 /* sunnyTests.xctest */ = {isa = PBXFileReference; explicitFileType = wrapper.cfbundle; includeInIndex = 0; path = sunnyTests.xctest; sourceTree = BUILT_PRODUCTS_DIR; };
		BBDE3BD72D73CB89003F88D8 /* sunnyUITests.xctest */ = {isa = PBXFileReference; explicitFileType = wrapper.cfbundle; includeInIndex = 0; path = sunnyUITests.xctest; sourceTree = BUILT_PRODUCTS_DIR; };
/* End PBXFileReference section */

/* Begin PBXFileSystemSynchronizedBuildFileExceptionSet section */
		BB71AE312D864A5500FC4CA0 /* Exceptions for "SunnyLiveActivities" folder in "SunnyLiveActivitiesExtension" target */ = {
			isa = PBXFileSystemSynchronizedBuildFileExceptionSet;
			membershipExceptions = (
				Info.plist,
			);
			target = BB71AE1A2D864A5400FC4CA0 /* SunnyLiveActivitiesExtension */;
		};
		BBDE3C072D73FE3F003F88D8 /* Exceptions for "sunny" folder in "sunny" target */ = {
			isa = PBXFileSystemSynchronizedBuildFileExceptionSet;
			membershipExceptions = (
				Info.plist,
			);
			target = BBDE3BBC2D73CB87003F88D8 /* sunny */;
		};
/* End PBXFileSystemSynchronizedBuildFileExceptionSet section */

/* Begin PBXFileSystemSynchronizedRootGroup section */
		BB71AE212D864A5400FC4CA0 /* SunnyLiveActivities */ = {
			isa = PBXFileSystemSynchronizedRootGroup;
			exceptions = (
				BB71AE312D864A5500FC4CA0 /* Exceptions for "SunnyLiveActivities" folder in "SunnyLiveActivitiesExtension" target */,
			);
			path = SunnyLiveActivities;
			sourceTree = "<group>";
		};
		BBDE3BBF2D73CB87003F88D8 /* sunny */ = {
			isa = PBXFileSystemSynchronizedRootGroup;
			exceptions = (
				BBDE3C072D73FE3F003F88D8 /* Exceptions for "sunny" folder in "sunny" target */,
			);
			path = sunny;
			sourceTree = "<group>";
		};
		BBDE3BD02D73CB89003F88D8 /* sunnyTests */ = {
			isa = PBXFileSystemSynchronizedRootGroup;
			path = sunnyTests;
			sourceTree = "<group>";
		};
		BBDE3BDA2D73CB89003F88D8 /* sunnyUITests */ = {
			isa = PBXFileSystemSynchronizedRootGroup;
			path = sunnyUITests;
			sourceTree = "<group>";
		};
/* End PBXFileSystemSynchronizedRootGroup section */

/* Begin PBXFrameworksBuildPhase section */
		BB71AE182D864A5400FC4CA0 /* Frameworks */ = {
			isa = PBXFrameworksBuildPhase;
			buildActionMask = 2147483647;
			files = (
				BB71AE202D864A5400FC4CA0 /* SwiftUI.framework in Frameworks */,
				BB71AE1E2D864A5400FC4CA0 /* WidgetKit.framework in Frameworks */,
			);
			runOnlyForDeploymentPostprocessing = 0;
		};
		BBDE3BBA2D73CB87003F88D8 /* Frameworks */ = {
			isa = PBXFrameworksBuildPhase;
			buildActionMask = 2147483647;
			files = (
			);
			runOnlyForDeploymentPostprocessing = 0;
		};
		BBDE3BCA2D73CB89003F88D8 /* Frameworks */ = {
			isa = PBXFrameworksBuildPhase;
			buildActionMask = 2147483647;
			files = (
			);
			runOnlyForDeploymentPostprocessing = 0;
		};
		BBDE3BD42D73CB89003F88D8 /* Frameworks */ = {
			isa = PBXFrameworksBuildPhase;
			buildActionMask = 2147483647;
			files = (
			);
			runOnlyForDeploymentPostprocessing = 0;
		};
/* End PBXFrameworksBuildPhase section */

/* Begin PBXGroup section */
		BB71AE1C2D864A5400FC4CA0 /* Frameworks */ = {
			isa = PBXGroup;
			children = (
				BB71AE1D2D864A5400FC4CA0 /* WidgetKit.framework */,
				BB71AE1F2D864A5400FC4CA0 /* SwiftUI.framework */,
			);
			name = Frameworks;
			sourceTree = "<group>";
		};
		BBDE3BB42D73CB87003F88D8 = {
			isa = PBXGroup;
			children = (
				BBDE3BBF2D73CB87003F88D8 /* sunny */,
				BBDE3BD02D73CB89003F88D8 /* sunnyTests */,
				BBDE3BDA2D73CB89003F88D8 /* sunnyUITests */,
				BB71AE212D864A5400FC4CA0 /* SunnyLiveActivities */,
				BB71AE1C2D864A5400FC4CA0 /* Frameworks */,
				BBDE3BBE2D73CB87003F88D8 /* Products */,
			);
			sourceTree = "<group>";
		};
		BBDE3BBE2D73CB87003F88D8 /* Products */ = {
			isa = PBXGroup;
			children = (
				BBDE3BBD2D73CB87003F88D8 /* sunny.app */,
				BBDE3BCD2D73CB89003F88D8 /* sunnyTests.xctest */,
				BBDE3BD72D73CB89003F88D8 /* sunnyUITests.xctest */,
				BB71AE1B2D864A5400FC4CA0 /* SunnyLiveActivitiesExtension.appex */,
			);
			name = Products;
			sourceTree = "<group>";
		};
/* End PBXGroup section */

/* Begin PBXNativeTarget section */
		BB71AE1A2D864A5400FC4CA0 /* SunnyLiveActivitiesExtension */ = {
			isa = PBXNativeTarget;
			buildConfigurationList = BB71AE2E2D864A5500FC4CA0 /* Build configuration list for PBXNativeTarget "SunnyLiveActivitiesExtension" */;
			buildPhases = (
				BB71AE172D864A5400FC4CA0 /* Sources */,
				BB71AE182D864A5400FC4CA0 /* Frameworks */,
				BB71AE192D864A5400FC4CA0 /* Resources */,
			);
			buildRules = (
			);
			dependencies = (
			);
			fileSystemSynchronizedGroups = (
				BB71AE212D864A5400FC4CA0 /* SunnyLiveActivities */,
			);
			name = SunnyLiveActivitiesExtension;
			packageProductDependencies = (
			);
			productName = SunnyLiveActivitiesExtension;
			productReference = BB71AE1B2D864A5400FC4CA0 /* SunnyLiveActivitiesExtension.appex */;
			productType = "com.apple.product-type.app-extension";
		};
		BBDE3BBC2D73CB87003F88D8 /* sunny */ = {
			isa = PBXNativeTarget;
			buildConfigurationList = BBDE3BE12D73CB89003F88D8 /* Build configuration list for PBXNativeTarget "sunny" */;
			buildPhases = (
				BBDE3BB92D73CB87003F88D8 /* Sources */,
				BBDE3BBA2D73CB87003F88D8 /* Frameworks */,
				BBDE3BBB2D73CB87003F88D8 /* Resources */,
				BB71AE322D864A5500FC4CA0 /* Embed Foundation Extensions */,
			);
			buildRules = (
			);
			dependencies = (
				BB71AE2C2D864A5500FC4CA0 /* PBXTargetDependency */,
			);
			fileSystemSynchronizedGroups = (
				BBDE3BBF2D73CB87003F88D8 /* sunny */,
			);
			name = sunny;
			packageProductDependencies = (
			);
			productName = sunny;
			productReference = BBDE3BBD2D73CB87003F88D8 /* sunny.app */;
			productType = "com.apple.product-type.application";
		};
		BBDE3BCC2D73CB89003F88D8 /* sunnyTests */ = {
			isa = PBXNativeTarget;
			buildConfigurationList = BBDE3BE42D73CB89003F88D8 /* Build configuration list for PBXNativeTarget "sunnyTests" */;
			buildPhases = (
				BBDE3BC92D73CB89003F88D8 /* Sources */,
				BBDE3BCA2D73CB89003F88D8 /* Frameworks */,
				BBDE3BCB2D73CB89003F88D8 /* Resources */,
			);
			buildRules = (
			);
			dependencies = (
				BBDE3BCF2D73CB89003F88D8 /* PBXTargetDependency */,
			);
			fileSystemSynchronizedGroups = (
				BBDE3BD02D73CB89003F88D8 /* sunnyTests */,
			);
			name = sunnyTests;
			packageProductDependencies = (
			);
			productName = sunnyTests;
			productReference = BBDE3BCD2D73CB89003F88D8 /* sunnyTests.xctest */;
			productType = "com.apple.product-type.bundle.unit-test";
		};
		BBDE3BD62D73CB89003F88D8 /* sunnyUITests */ = {
			isa = PBXNativeTarget;
			buildConfigurationList = BBDE3BE72D73CB89003F88D8 /* Build configuration list for PBXNativeTarget "sunnyUITests" */;
			buildPhases = (
				BBDE3BD32D73CB89003F88D8 /* Sources */,
				BBDE3BD42D73CB89003F88D8 /* Frameworks */,
				BBDE3BD52D73CB89003F88D8 /* Resources */,
			);
			buildRules = (
			);
			dependencies = (
				BBDE3BD92D73CB89003F88D8 /* PBXTargetDependency */,
			);
			fileSystemSynchronizedGroups = (
				BBDE3BDA2D73CB89003F88D8 /* sunnyUITests */,
			);
			name = sunnyUITests;
			packageProductDependencies = (
			);
			productName = sunnyUITests;
			productReference = BBDE3BD72D73CB89003F88D8 /* sunnyUITests.xctest */;
			productType = "com.apple.product-type.bundle.ui-testing";
		};
/* End PBXNativeTarget section */

/* Begin PBXProject section */
		BBDE3BB52D73CB87003F88D8 /* Project object */ = {
			isa = PBXProject;
			attributes = {
				BuildIndependentTargetsInParallel = 1;
				LastSwiftUpdateCheck = 1610;
				LastUpgradeCheck = 1610;
				TargetAttributes = {
					BB71AE1A2D864A5400FC4CA0 = {
						CreatedOnToolsVersion = 16.1;
					};
					BBDE3BBC2D73CB87003F88D8 = {
						CreatedOnToolsVersion = 16.1;
					};
					BBDE3BCC2D73CB89003F88D8 = {
						CreatedOnToolsVersion = 16.1;
						TestTargetID = BBDE3BBC2D73CB87003F88D8;
					};
					BBDE3BD62D73CB89003F88D8 = {
						CreatedOnToolsVersion = 16.1;
						TestTargetID = BBDE3BBC2D73CB87003F88D8;
					};
				};
			};
			buildConfigurationList = BBDE3BB82D73CB87003F88D8 /* Build configuration list for PBXProject "sunny" */;
			developmentRegion = en;
			hasScannedForEncodings = 0;
			knownRegions = (
				en,
				Base,
			);
			mainGroup = BBDE3BB42D73CB87003F88D8;
			minimizedProjectReferenceProxies = 1;
			preferredProjectObjectVersion = 77;
			productRefGroup = BBDE3BBE2D73CB87003F88D8 /* Products */;
			projectDirPath = "";
			projectRoot = "";
			targets = (
				BBDE3BBC2D73CB87003F88D8 /* sunny */,
				BBDE3BCC2D73CB89003F88D8 /* sunnyTests */,
				BBDE3BD62D73CB89003F88D8 /* sunnyUITests */,
				BB71AE1A2D864A5400FC4CA0 /* SunnyLiveActivitiesExtension */,
			);
		};
/* End PBXProject section */

/* Begin PBXResourcesBuildPhase section */
		BB71AE192D864A5400FC4CA0 /* Resources */ = {
			isa = PBXResourcesBuildPhase;
			buildActionMask = 2147483647;
			files = (
			);
			runOnlyForDeploymentPostprocessing = 0;
		};
		BBDE3BBB2D73CB87003F88D8 /* Resources */ = {
			isa = PBXResourcesBuildPhase;
			buildActionMask = 2147483647;
			files = (
			);
			runOnlyForDeploymentPostprocessing = 0;
		};
		BBDE3BCB2D73CB89003F88D8 /* Resources */ = {
			isa = PBXResourcesBuildPhase;
			buildActionMask = 2147483647;
			files = (
			);
			runOnlyForDeploymentPostprocessing = 0;
		};
		BBDE3BD52D73CB89003F88D8 /* Resources */ = {
			isa = PBXResourcesBuildPhase;
			buildActionMask = 2147483647;
			files = (
			);
			runOnlyForDeploymentPostprocessing = 0;
		};
/* End PBXResourcesBuildPhase section */

/* Begin PBXSourcesBuildPhase section */
		BB71AE172D864A5400FC4CA0 /* Sources */ = {
			isa = PBXSourcesBuildPhase;
			buildActionMask = 2147483647;
			files = (
			);
			runOnlyForDeploymentPostprocessing = 0;
		};
		BBDE3BB92D73CB87003F88D8 /* Sources */ = {
			isa = PBXSourcesBuildPhase;
			buildActionMask = 2147483647;
			files = (
			);
			runOnlyForDeploymentPostprocessing = 0;
		};
		BBDE3BC92D73CB89003F88D8 /* Sources */ = {
			isa = PBXSourcesBuildPhase;
			buildActionMask = 2147483647;
			files = (
			);
			runOnlyForDeploymentPostprocessing = 0;
		};
		BBDE3BD32D73CB89003F88D8 /* Sources */ = {
			isa = PBXSourcesBuildPhase;
			buildActionMask = 2147483647;
			files = (
			);
			runOnlyForDeploymentPostprocessing = 0;
		};
/* End PBXSourcesBuildPhase section */

/* Begin PBXTargetDependency section */
		BB71AE2C2D864A5500FC4CA0 /* PBXTargetDependency */ = {
			isa = PBXTargetDependency;
			target = BB71AE1A2D864A5400FC4CA0 /* SunnyLiveActivitiesExtension */;
			targetProxy = BB71AE2B2D864A5500FC4CA0 /* PBXContainerItemProxy */;
		};
		BBDE3BCF2D73CB89003F88D8 /* PBXTargetDependency */ = {
			isa = PBXTargetDependency;
			target = BBDE3BBC2D73CB87003F88D8 /* sunny */;
			targetProxy = BBDE3BCE2D73CB89003F88D8 /* PBXContainerItemProxy */;
		};
		BBDE3BD92D73CB89003F88D8 /* PBXTargetDependency */ = {
			isa = PBXTargetDependency;
			target = BBDE3BBC2D73CB87003F88D8 /* sunny */;
			targetProxy = BBDE3BD82D73CB89003F88D8 /* PBXContainerItemProxy */;
		};
/* End PBXTargetDependency section */

/* Begin XCBuildConfiguration section */
		BB71AE2F2D864A5500FC4CA0 /* Debug */ = {
			isa = XCBuildConfiguration;
			buildSettings = {
				ASSETCATALOG_COMPILER_GLOBAL_ACCENT_COLOR_NAME = AccentColor;
				ASSETCATALOG_COMPILER_WIDGET_BACKGROUND_COLOR_NAME = WidgetBackground;
				CODE_SIGN_STYLE = Automatic;
				CURRENT_PROJECT_VERSION = 1;
				DEVELOPMENT_TEAM = BMMD5K9G2L;
				GENERATE_INFOPLIST_FILE = YES;
				INFOPLIST_FILE = SunnyLiveActivities/Info.plist;
				INFOPLIST_KEY_CFBundleDisplayName = SunnyLiveActivities;
				INFOPLIST_KEY_NSHumanReadableCopyright = "";
				IPHONEOS_DEPLOYMENT_TARGET = 17.6;
				LD_RUNPATH_SEARCH_PATHS = (
					"$(inherited)",
					"@executable_path/Frameworks",
					"@executable_path/../../Frameworks",
				);
				MARKETING_VERSION = 1.0;
				PRODUCT_BUNDLE_IDENTIFIER = com.wml.sunny.SunnyLiveActivities;
				PRODUCT_NAME = "$(TARGET_NAME)";
				SKIP_INSTALL = YES;
				SWIFT_EMIT_LOC_STRINGS = YES;
				SWIFT_VERSION = 5.0;
				TARGETED_DEVICE_FAMILY = "1,2";
			};
			name = Debug;
		};
		BB71AE302D864A5500FC4CA0 /* Release */ = {
			isa = XCBuildConfiguration;
			buildSettings = {
				ASSETCATALOG_COMPILER_GLOBAL_ACCENT_COLOR_NAME = AccentColor;
				ASSETCATALOG_COMPILER_WIDGET_BACKGROUND_COLOR_NAME = WidgetBackground;
				CODE_SIGN_STYLE = Automatic;
				CURRENT_PROJECT_VERSION = 1;
				DEVELOPMENT_TEAM = BMMD5K9G2L;
				GENERATE_INFOPLIST_FILE = YES;
				INFOPLIST_FILE = SunnyLiveActivities/Info.plist;
				INFOPLIST_KEY_CFBundleDisplayName = SunnyLiveActivities;
				INFOPLIST_KEY_NSHumanReadableCopyright = "";
				IPHONEOS_DEPLOYMENT_TARGET = 17.6;
				LD_RUNPATH_SEARCH_PATHS = (
					"$(inherited)",
					"@executable_path/Frameworks",
					"@executable_path/../../Frameworks",
				);
				MARKETING_VERSION = 1.0;
				PRODUCT_BUNDLE_IDENTIFIER = com.wml.sunny.SunnyLiveActivities;
				PRODUCT_NAME = "$(TARGET_NAME)";
				SKIP_INSTALL = YES;
				SWIFT_EMIT_LOC_STRINGS = YES;
				SWIFT_VERSION = 5.0;
				TARGETED_DEVICE_FAMILY = "1,2";
			};
			name = Release;
		};
		BBDE3BDF2D73CB89003F88D8 /* Debug */ = {
			isa = XCBuildConfiguration;
			buildSettings = {
				ALWAYS_SEARCH_USER_PATHS = NO;
				ASSETCATALOG_COMPILER_GENERATE_SWIFT_ASSET_SYMBOL_EXTENSIONS = YES;
				CLANG_ANALYZER_NONNULL = YES;
				CLANG_ANALYZER_NUMBER_OBJECT_CONVERSION = YES_AGGRESSIVE;
				CLANG_CXX_LANGUAGE_STANDARD = "gnu++20";
				CLANG_ENABLE_MODULES = YES;
				CLANG_ENABLE_OBJC_ARC = YES;
				CLANG_ENABLE_OBJC_WEAK = YES;
				CLANG_WARN_BLOCK_CAPTURE_AUTORELEASING = YES;
				CLANG_WARN_BOOL_CONVERSION = YES;
				CLANG_WARN_COMMA = YES;
				CLANG_WARN_CONSTANT_CONVERSION = YES;
				CLANG_WARN_DEPRECATED_OBJC_IMPLEMENTATIONS = YES;
				CLANG_WARN_DIRECT_OBJC_ISA_USAGE = YES_ERROR;
				CLANG_WARN_DOCUMENTATION_COMMENTS = YES;
				CLANG_WARN_EMPTY_BODY = YES;
				CLANG_WARN_ENUM_CONVERSION = YES;
				CLANG_WARN_INFINITE_RECURSION = YES;
				CLANG_WARN_INT_CONVERSION = YES;
				CLANG_WARN_NON_LITERAL_NULL_CONVERSION = YES;
				CLANG_WARN_OBJC_IMPLICIT_RETAIN_SELF = YES;
				CLANG_WARN_OBJC_LITERAL_CONVERSION = YES;
				CLANG_WARN_OBJC_ROOT_CLASS = YES_ERROR;
				CLANG_WARN_QUOTED_INCLUDE_IN_FRAMEWORK_HEADER = YES;
				CLANG_WARN_RANGE_LOOP_ANALYSIS = YES;
				CLANG_WARN_STRICT_PROTOTYPES = YES;
				CLANG_WARN_SUSPICIOUS_MOVE = YES;
				CLANG_WARN_UNGUARDED_AVAILABILITY = YES_AGGRESSIVE;
				CLANG_WARN_UNREACHABLE_CODE = YES;
				CLANG_WARN__DUPLICATE_METHOD_MATCH = YES;
				COPY_PHASE_STRIP = NO;
				DEBUG_INFORMATION_FORMAT = dwarf;
				ENABLE_STRICT_OBJC_MSGSEND = YES;
				ENABLE_TESTABILITY = YES;
				ENABLE_USER_SCRIPT_SANDBOXING = YES;
				GCC_C_LANGUAGE_STANDARD = gnu17;
				GCC_DYNAMIC_NO_PIC = NO;
				GCC_NO_COMMON_BLOCKS = YES;
				GCC_OPTIMIZATION_LEVEL = 0;
				GCC_PREPROCESSOR_DEFINITIONS = (
					"DEBUG=1",
					"$(inherited)",
				);
				GCC_WARN_64_TO_32_BIT_CONVERSION = YES;
				GCC_WARN_ABOUT_RETURN_TYPE = YES_ERROR;
				GCC_WARN_UNDECLARED_SELECTOR = YES;
				GCC_WARN_UNINITIALIZED_AUTOS = YES_AGGRESSIVE;
				GCC_WARN_UNUSED_FUNCTION = YES;
				GCC_WARN_UNUSED_VARIABLE = YES;
				IPHONEOS_DEPLOYMENT_TARGET = 18.1;
				LOCALIZATION_PREFERS_STRING_CATALOGS = YES;
				MTL_ENABLE_DEBUG_INFO = INCLUDE_SOURCE;
				MTL_FAST_MATH = YES;
				ONLY_ACTIVE_ARCH = YES;
				SDKROOT = iphoneos;
				SWIFT_ACTIVE_COMPILATION_CONDITIONS = "DEBUG $(inherited)";
				SWIFT_OPTIMIZATION_LEVEL = "-Onone";
			};
			name = Debug;
		};
		BBDE3BE02D73CB89003F88D8 /* Release */ = {
			isa = XCBuildConfiguration;
			buildSettings = {
				ALWAYS_SEARCH_USER_PATHS = NO;
				ASSETCATALOG_COMPILER_GENERATE_SWIFT_ASSET_SYMBOL_EXTENSIONS = YES;
				CLANG_ANALYZER_NONNULL = YES;
				CLANG_ANALYZER_NUMBER_OBJECT_CONVERSION = YES_AGGRESSIVE;
				CLANG_CXX_LANGUAGE_STANDARD = "gnu++20";
				CLANG_ENABLE_MODULES = YES;
				CLANG_ENABLE_OBJC_ARC = YES;
				CLANG_ENABLE_OBJC_WEAK = YES;
				CLANG_WARN_BLOCK_CAPTURE_AUTORELEASING = YES;
				CLANG_WARN_BOOL_CONVERSION = YES;
				CLANG_WARN_COMMA = YES;
				CLANG_WARN_CONSTANT_CONVERSION = YES;
				CLANG_WARN_DEPRECATED_OBJC_IMPLEMENTATIONS = YES;
				CLANG_WARN_DIRECT_OBJC_ISA_USAGE = YES_ERROR;
				CLANG_WARN_DOCUMENTATION_COMMENTS = YES;
				CLANG_WARN_EMPTY_BODY = YES;
				CLANG_WARN_ENUM_CONVERSION = YES;
				CLANG_WARN_INFINITE_RECURSION = YES;
				CLANG_WARN_INT_CONVERSION = YES;
				CLANG_WARN_NON_LITERAL_NULL_CONVERSION = YES;
				CLANG_WARN_OBJC_IMPLICIT_RETAIN_SELF = YES;
				CLANG_WARN_OBJC_LITERAL_CONVERSION = YES;
				CLANG_WARN_OBJC_ROOT_CLASS = YES_ERROR;
				CLANG_WARN_QUOTED_INCLUDE_IN_FRAMEWORK_HEADER = YES;
				CLANG_WARN_RANGE_LOOP_ANALYSIS = YES;
				CLANG_WARN_STRICT_PROTOTYPES = YES;
				CLANG_WARN_SUSPICIOUS_MOVE = YES;
				CLANG_WARN_UNGUARDED_AVAILABILITY = YES_AGGRESSIVE;
				CLANG_WARN_UNREACHABLE_CODE = YES;
				CLANG_WARN__DUPLICATE_METHOD_MATCH = YES;
				COPY_PHASE_STRIP = NO;
				DEBUG_INFORMATION_FORMAT = "dwarf-with-dsym";
				ENABLE_NS_ASSERTIONS = NO;
				ENABLE_STRICT_OBJC_MSGSEND = YES;
				ENABLE_USER_SCRIPT_SANDBOXING = YES;
				GCC_C_LANGUAGE_STANDARD = gnu17;
				GCC_NO_COMMON_BLOCKS = YES;
				GCC_WARN_64_TO_32_BIT_CONVERSION = YES;
				GCC_WARN_ABOUT_RETURN_TYPE = YES_ERROR;
				GCC_WARN_UNDECLARED_SELECTOR = YES;
				GCC_WARN_UNINITIALIZED_AUTOS = YES_AGGRESSIVE;
				GCC_WARN_UNUSED_FUNCTION = YES;
				GCC_WARN_UNUSED_VARIABLE = YES;
				IPHONEOS_DEPLOYMENT_TARGET = 18.1;
				LOCALIZATION_PREFERS_STRING_CATALOGS = YES;
				MTL_ENABLE_DEBUG_INFO = NO;
				MTL_FAST_MATH = YES;
				SDKROOT = iphoneos;
				SWIFT_COMPILATION_MODE = wholemodule;
				VALIDATE_PRODUCT = YES;
			};
			name = Release;
		};
		BBDE3BE22D73CB89003F88D8 /* Debug */ = {
			isa = XCBuildConfiguration;
			buildSettings = {
				ASSETCATALOG_COMPILER_APPICON_NAME = AppIcon;
				ASSETCATALOG_COMPILER_GLOBAL_ACCENT_COLOR_NAME = AccentColor;
				CODE_SIGN_STYLE = Automatic;
				CURRENT_PROJECT_VERSION = 1;
				DEVELOPMENT_ASSET_PATHS = "\"sunny/Preview Content\"";
				DEVELOPMENT_TEAM = BMMD5K9G2L;
				ENABLE_PREVIEWS = YES;
				GENERATE_INFOPLIST_FILE = YES;
				INFOPLIST_FILE = sunny/Info.plist;
				INFOPLIST_KEY_CFBundleDisplayName = Sunny;
				INFOPLIST_KEY_UIApplicationSceneManifest_Generation = YES;
				INFOPLIST_KEY_UIApplicationSupportsIndirectInputEvents = YES;
				INFOPLIST_KEY_UILaunchScreen_Generation = YES;
				INFOPLIST_KEY_UISupportedInterfaceOrientations_iPad = "UIInterfaceOrientationPortrait UIInterfaceOrientationPortraitUpsideDown UIInterfaceOrientationLandscapeLeft UIInterfaceOrientationLandscapeRight";
				INFOPLIST_KEY_UISupportedInterfaceOrientations_iPhone = "UIInterfaceOrientationPortrait UIInterfaceOrientationLandscapeLeft UIInterfaceOrientationLandscapeRight";
				IPHONEOS_DEPLOYMENT_TARGET = 16.1;
				LD_RUNPATH_SEARCH_PATHS = (
					"$(inherited)",
					"@executable_path/Frameworks",
				);
				MARKETING_VERSION = 1.0;
				PRODUCT_BUNDLE_IDENTIFIER = com.wml.sunny;
				PRODUCT_NAME = "$(TARGET_NAME)";
				SWIFT_EMIT_LOC_STRINGS = YES;
				SWIFT_VERSION = 5.0;
				TARGETED_DEVICE_FAMILY = "1,2";
			};
			name = Debug;
		};
		BBDE3BE32D73CB89003F88D8 /* Release */ = {
			isa = XCBuildConfiguration;
			buildSettings = {
				ASSETCATALOG_COMPILER_APPICON_NAME = AppIcon;
				ASSETCATALOG_COMPILER_GLOBAL_ACCENT_COLOR_NAME = AccentColor;
				CODE_SIGN_STYLE = Automatic;
				CURRENT_PROJECT_VERSION = 1;
				DEVELOPMENT_ASSET_PATHS = "\"sunny/Preview Content\"";
				DEVELOPMENT_TEAM = BMMD5K9G2L;
				ENABLE_PREVIEWS = YES;
				GENERATE_INFOPLIST_FILE = YES;
				INFOPLIST_FILE = sunny/Info.plist;
				INFOPLIST_KEY_CFBundleDisplayName = Sunny;
				INFOPLIST_KEY_UIApplicationSceneManifest_Generation = YES;
				INFOPLIST_KEY_UIApplicationSupportsIndirectInputEvents = YES;
				INFOPLIST_KEY_UILaunchScreen_Generation = YES;
				INFOPLIST_KEY_UISupportedInterfaceOrientations_iPad = "UIInterfaceOrientationPortrait UIInterfaceOrientationPortraitUpsideDown UIInterfaceOrientationLandscapeLeft UIInterfaceOrientationLandscapeRight";
				INFOPLIST_KEY_UISupportedInterfaceOrientations_iPhone = "UIInterfaceOrientationPortrait UIInterfaceOrientationLandscapeLeft UIInterfaceOrientationLandscapeRight";
				IPHONEOS_DEPLOYMENT_TARGET = 16.1;
				LD_RUNPATH_SEARCH_PATHS = (
					"$(inherited)",
					"@executable_path/Frameworks",
				);
				MARKETING_VERSION = 1.0;
				PRODUCT_BUNDLE_IDENTIFIER = com.wml.sunny;
				PRODUCT_NAME = "$(TARGET_NAME)";
				SWIFT_EMIT_LOC_STRINGS = YES;
				SWIFT_VERSION = 5.0;
				TARGETED_DEVICE_FAMILY = "1,2";
			};
			name = Release;
		};
		BBDE3BE52D73CB89003F88D8 /* Debug */ = {
			isa = XCBuildConfiguration;
			buildSettings = {
				BUNDLE_LOADER = "$(TEST_HOST)";
				CODE_SIGN_STYLE = Automatic;
				CURRENT_PROJECT_VERSION = 1;
				DEVELOPMENT_TEAM = BMMD5K9G2L;
				GENERATE_INFOPLIST_FILE = YES;
				IPHONEOS_DEPLOYMENT_TARGET = 18.1;
				MARKETING_VERSION = 1.0;
				PRODUCT_BUNDLE_IDENTIFIER = com.wml.sunnyTests;
				PRODUCT_NAME = "$(TARGET_NAME)";
				SWIFT_EMIT_LOC_STRINGS = NO;
				SWIFT_VERSION = 5.0;
				TARGETED_DEVICE_FAMILY = "1,2";
				TEST_HOST = "$(BUILT_PRODUCTS_DIR)/sunny.app/$(BUNDLE_EXECUTABLE_FOLDER_PATH)/sunny";
			};
			name = Debug;
		};
		BBDE3BE62D73CB89003F88D8 /* Release */ = {
			isa = XCBuildConfiguration;
			buildSettings = {
				BUNDLE_LOADER = "$(TEST_HOST)";
				CODE_SIGN_STYLE = Automatic;
				CURRENT_PROJECT_VERSION = 1;
				DEVELOPMENT_TEAM = BMMD5K9G2L;
				GENERATE_INFOPLIST_FILE = YES;
				IPHONEOS_DEPLOYMENT_TARGET = 18.1;
				MARKETING_VERSION = 1.0;
				PRODUCT_BUNDLE_IDENTIFIER = com.wml.sunnyTests;
				PRODUCT_NAME = "$(TARGET_NAME)";
				SWIFT_EMIT_LOC_STRINGS = NO;
				SWIFT_VERSION = 5.0;
				TARGETED_DEVICE_FAMILY = "1,2";
				TEST_HOST = "$(BUILT_PRODUCTS_DIR)/sunny.app/$(BUNDLE_EXECUTABLE_FOLDER_PATH)/sunny";
			};
			name = Release;
		};
		BBDE3BE82D73CB89003F88D8 /* Debug */ = {
			isa = XCBuildConfiguration;
			buildSettings = {
				CODE_SIGN_STYLE = Automatic;
				CURRENT_PROJECT_VERSION = 1;
				DEVELOPMENT_TEAM = BMMD5K9G2L;
				GENERATE_INFOPLIST_FILE = YES;
				MARKETING_VERSION = 1.0;
				PRODUCT_BUNDLE_IDENTIFIER = com.wml.sunnyUITests;
				PRODUCT_NAME = "$(TARGET_NAME)";
				SWIFT_EMIT_LOC_STRINGS = NO;
				SWIFT_VERSION = 5.0;
				TARGETED_DEVICE_FAMILY = "1,2";
				TEST_TARGET_NAME = sunny;
			};
			name = Debug;
		};
		BBDE3BE92D73CB89003F88D8 /* Release */ = {
			isa = XCBuildConfiguration;
			buildSettings = {
				CODE_SIGN_STYLE = Automatic;
				CURRENT_PROJECT_VERSION = 1;
				DEVELOPMENT_TEAM = BMMD5K9G2L;
				GENERATE_INFOPLIST_FILE = YES;
				MARKETING_VERSION = 1.0;
				PRODUCT_BUNDLE_IDENTIFIER = com.wml.sunnyUITests;
				PRODUCT_NAME = "$(TARGET_NAME)";
				SWIFT_EMIT_LOC_STRINGS = NO;
				SWIFT_VERSION = 5.0;
				TARGETED_DEVICE_FAMILY = "1,2";
				TEST_TARGET_NAME = sunny;
			};
			name = Release;
		};
/* End XCBuildConfiguration section */

/* Begin XCConfigurationList section */
		BB71AE2E2D864A5500FC4CA0 /* Build configuration list for PBXNativeTarget "SunnyLiveActivitiesExtension" */ = {
			isa = XCConfigurationList;
			buildConfigurations = (
				BB71AE2F2D864A5500FC4CA0 /* Debug */,
				BB71AE302D864A5500FC4CA0 /* Release */,
			);
			defaultConfigurationIsVisible = 0;
			defaultConfigurationName = Release;
		};
		BBDE3BB82D73CB87003F88D8 /* Build configuration list for PBXProject "sunny" */ = {
			isa = XCConfigurationList;
			buildConfigurations = (
				BBDE3BDF2D73CB89003F88D8 /* Debug */,
				BBDE3BE02D73CB89003F88D8 /* Release */,
			);
			defaultConfigurationIsVisible = 0;
			defaultConfigurationName = Release;
		};
		BBDE3BE12D73CB89003F88D8 /* Build configuration list for PBXNativeTarget "sunny" */ = {
			isa = XCConfigurationList;
			buildConfigurations = (
				BBDE3BE22D73CB89003F88D8 /* Debug */,
				BBDE3BE32D73CB89003F88D8 /* Release */,
			);
			defaultConfigurationIsVisible = 0;
			defaultConfigurationName = Release;
		};
		BBDE3BE42D73CB89003F88D8 /* Build configuration list for PBXNativeTarget "sunnyTests" */ = {
			isa = XCConfigurationList;
			buildConfigurations = (
				BBDE3BE52D73CB89003F88D8 /* Debug */,
				BBDE3BE62D73CB89003F88D8 /* Release */,
			);
			defaultConfigurationIsVisible = 0;
			defaultConfigurationName = Release;
		};
		BBDE3BE72D73CB89003F88D8 /* Build configuration list for PBXNativeTarget "sunnyUITests" */ = {
			isa = XCConfigurationList;
			buildConfigurations = (
				BBDE3BE82D73CB89003F88D8 /* Debug */,
				BBDE3BE92D73CB89003F88D8 /* Release */,
			);
			defaultConfigurationIsVisible = 0;
			defaultConfigurationName = Release;
		};
/* End XCConfigurationList section */
	};
	rootObject = BBDE3BB52D73CB87003F88D8 /* Project object */;
}
